// !$*UTF8*$!
{
	archiveVersion = 1;
	classes = {
	};
	objectVersion = 46;
	objects = {

/* Begin PBXBuildFile section */
		E51237971B2239DB002EABDC /* AppDelegate.swift in Sources */ = {isa = PBXBuildFile; fileRef = E51237961B2239DB002EABDC /* AppDelegate.swift */; };
		E51237991B2239DB002EABDC /* ViewController.swift in Sources */ = {isa = PBXBuildFile; fileRef = E51237981B2239DB002EABDC /* ViewController.swift */; };
		E512379C1B2239DB002EABDC /* Main.storyboard in Resources */ = {isa = PBXBuildFile; fileRef = E512379A1B2239DB002EABDC /* Main.storyboard */; };
		E512379E1B2239DB002EABDC /* Images.xcassets in Resources */ = {isa = PBXBuildFile; fileRef = E512379D1B2239DB002EABDC /* Images.xcassets */; };
		E51237A11B2239DB002EABDC /* LaunchScreen.xib in Resources */ = {isa = PBXBuildFile; fileRef = E512379F1B2239DB002EABDC /* LaunchScreen.xib */; };
		E51237AD1B2239DB002EABDC /* SlimLoggerExampleProjectTests.swift in Sources */ = {isa = PBXBuildFile; fileRef = E51237AC1B2239DB002EABDC /* SlimLoggerExampleProjectTests.swift */; };
		E51237BB1B223B54002EABDC /* SlimLoggerConfig.swift in Sources */ = {isa = PBXBuildFile; fileRef = E51237BA1B223B54002EABDC /* SlimLoggerConfig.swift */; };
		E51237BD1B223B76002EABDC /* SlimLogglyDestinationConfig.swift in Sources */ = {isa = PBXBuildFile; fileRef = E51237BC1B223B76002EABDC /* SlimLogglyDestinationConfig.swift */; };
		E51237C31B223BB1002EABDC /* SlimLogger.swift in Sources */ = {isa = PBXBuildFile; fileRef = E51237BF1B223BB1002EABDC /* SlimLogger.swift */; };
		E51237C51B223BB1002EABDC /* SlimLogglyDestination.swift in Sources */ = {isa = PBXBuildFile; fileRef = E51237C11B223BB1002EABDC /* SlimLogglyDestination.swift */; };
/* End PBXBuildFile section */

/* Begin PBXContainerItemProxy section */
		E51237A71B2239DB002EABDC /* PBXContainerItemProxy */ = {
			isa = PBXContainerItemProxy;
			containerPortal = E51237891B2239DB002EABDC /* Project object */;
			proxyType = 1;
			remoteGlobalIDString = E51237901B2239DB002EABDC;
			remoteInfo = SlimLoggerExampleProject;
		};
/* End PBXContainerItemProxy section */

/* Begin PBXFileReference section */
		62F8E35431DDDA201AA35A2D /* README.md */ = {isa = PBXFileReference; lastKnownFileType = file.md; name = README.md; path = ../README.md; sourceTree = "<group>"; };
		62F8E8D0F2E1D7916E6E823A /* LICENSE */ = {isa = PBXFileReference; fileEncoding = 4; lastKnownFileType = text; name = LICENSE; path = ../LICENSE; sourceTree = "<group>"; };
		62F8E9912E7BEC3116FD6248 /* README-LogglyDestination.md */ = {isa = PBXFileReference; lastKnownFileType = file.md; name = "README-LogglyDestination.md"; path = "../README-LogglyDestination.md"; sourceTree = "<group>"; };
		E51237911B2239DB002EABDC /* SlimLoggerExampleProject.app */ = {isa = PBXFileReference; explicitFileType = wrapper.application; includeInIndex = 0; path = SlimLoggerExampleProject.app; sourceTree = BUILT_PRODUCTS_DIR; };
		E51237951B2239DB002EABDC /* Info.plist */ = {isa = PBXFileReference; lastKnownFileType = text.plist.xml; path = Info.plist; sourceTree = "<group>"; };
		E51237961B2239DB002EABDC /* AppDelegate.swift */ = {isa = PBXFileReference; lastKnownFileType = sourcecode.swift; path = AppDelegate.swift; sourceTree = "<group>"; };
		E51237981B2239DB002EABDC /* ViewController.swift */ = {isa = PBXFileReference; lastKnownFileType = sourcecode.swift; path = ViewController.swift; sourceTree = "<group>"; };
		E512379B1B2239DB002EABDC /* Base */ = {isa = PBXFileReference; lastKnownFileType = file.storyboard; name = Base; path = Base.lproj/Main.storyboard; sourceTree = "<group>"; };
		E512379D1B2239DB002EABDC /* Images.xcassets */ = {isa = PBXFileReference; lastKnownFileType = folder.assetcatalog; path = Images.xcassets; sourceTree = "<group>"; };
		E51237A01B2239DB002EABDC /* Base */ = {isa = PBXFileReference; lastKnownFileType = file.xib; name = Base; path = Base.lproj/LaunchScreen.xib; sourceTree = "<group>"; };
		E51237A61B2239DB002EABDC /* SlimLoggerExampleProjectTests.xctest */ = {isa = PBXFileReference; explicitFileType = wrapper.cfbundle; includeInIndex = 0; path = SlimLoggerExampleProjectTests.xctest; sourceTree = BUILT_PRODUCTS_DIR; };
		E51237AB1B2239DB002EABDC /* Info.plist */ = {isa = PBXFileReference; lastKnownFileType = text.plist.xml; path = Info.plist; sourceTree = "<group>"; };
		E51237AC1B2239DB002EABDC /* SlimLoggerExampleProjectTests.swift */ = {isa = PBXFileReference; lastKnownFileType = sourcecode.swift; path = SlimLoggerExampleProjectTests.swift; sourceTree = "<group>"; };
		E51237BA1B223B54002EABDC /* SlimLoggerConfig.swift */ = {isa = PBXFileReference; fileEncoding = 4; lastKnownFileType = sourcecode.swift; path = SlimLoggerConfig.swift; sourceTree = "<group>"; };
		E51237BC1B223B76002EABDC /* SlimLogglyDestinationConfig.swift */ = {isa = PBXFileReference; fileEncoding = 4; lastKnownFileType = sourcecode.swift; path = SlimLogglyDestinationConfig.swift; sourceTree = "<group>"; };
		E51237BF1B223BB1002EABDC /* SlimLogger.swift */ = {isa = PBXFileReference; fileEncoding = 4; lastKnownFileType = sourcecode.swift; path = SlimLogger.swift; sourceTree = "<group>"; };
		E51237C01B223BB1002EABDC /* SlimLoggerConfig.template */ = {isa = PBXFileReference; fileEncoding = 4; lastKnownFileType = text; path = SlimLoggerConfig.template; sourceTree = "<group>"; };
		E51237C11B223BB1002EABDC /* SlimLogglyDestination.swift */ = {isa = PBXFileReference; fileEncoding = 4; lastKnownFileType = sourcecode.swift; path = SlimLogglyDestination.swift; sourceTree = "<group>"; };
		E51237C21B223BB1002EABDC /* SlimLogglyDestinationConfig.template */ = {isa = PBXFileReference; fileEncoding = 4; lastKnownFileType = text; path = SlimLogglyDestinationConfig.template; sourceTree = "<group>"; };
/* End PBXFileReference section */

/* Begin PBXFrameworksBuildPhase section */
		E512378E1B2239DB002EABDC /* Frameworks */ = {
			isa = PBXFrameworksBuildPhase;
			buildActionMask = 2147483647;
			files = (
			);
			runOnlyForDeploymentPostprocessing = 0;
		};
		E51237A31B2239DB002EABDC /* Frameworks */ = {
			isa = PBXFrameworksBuildPhase;
			buildActionMask = 2147483647;
			files = (
			);
			runOnlyForDeploymentPostprocessing = 0;
		};
/* End PBXFrameworksBuildPhase section */

/* Begin PBXGroup section */
		E51237881B2239DB002EABDC = {
			isa = PBXGroup;
			children = (
				E51237BE1B223BB1002EABDC /* SlimLogger */,
				E51237931B2239DB002EABDC /* SlimLoggerExampleProject */,
				E51237A91B2239DB002EABDC /* SlimLoggerExampleProjectTests */,
				E51237921B2239DB002EABDC /* Products */,
				62F8E35431DDDA201AA35A2D /* README.md */,
				62F8E9912E7BEC3116FD6248 /* README-LogglyDestination.md */,
				62F8E8D0F2E1D7916E6E823A /* LICENSE */,
			);
			sourceTree = "<group>";
		};
		E51237921B2239DB002EABDC /* Products */ = {
			isa = PBXGroup;
			children = (
				E51237911B2239DB002EABDC /* SlimLoggerExampleProject.app */,
				E51237A61B2239DB002EABDC /* SlimLoggerExampleProjectTests.xctest */,
			);
			name = Products;
			sourceTree = "<group>";
		};
		E51237931B2239DB002EABDC /* SlimLoggerExampleProject */ = {
			isa = PBXGroup;
			children = (
				E51237961B2239DB002EABDC /* AppDelegate.swift */,
				E51237981B2239DB002EABDC /* ViewController.swift */,
				E512379A1B2239DB002EABDC /* Main.storyboard */,
				E512379D1B2239DB002EABDC /* Images.xcassets */,
				E512379F1B2239DB002EABDC /* LaunchScreen.xib */,
				E51237941B2239DB002EABDC /* Supporting Files */,
				E51237BA1B223B54002EABDC /* SlimLoggerConfig.swift */,
				E51237BC1B223B76002EABDC /* SlimLogglyDestinationConfig.swift */,
			);
			path = SlimLoggerExampleProject;
			sourceTree = "<group>";
		};
		E51237941B2239DB002EABDC /* Supporting Files */ = {
			isa = PBXGroup;
			children = (
				E51237951B2239DB002EABDC /* Info.plist */,
			);
			name = "Supporting Files";
			sourceTree = "<group>";
		};
		E51237A91B2239DB002EABDC /* SlimLoggerExampleProjectTests */ = {
			isa = PBXGroup;
			children = (
				E51237AC1B2239DB002EABDC /* SlimLoggerExampleProjectTests.swift */,
				E51237AA1B2239DB002EABDC /* Supporting Files */,
			);
			path = SlimLoggerExampleProjectTests;
			sourceTree = "<group>";
		};
		E51237AA1B2239DB002EABDC /* Supporting Files */ = {
			isa = PBXGroup;
			children = (
				E51237AB1B2239DB002EABDC /* Info.plist */,
			);
			name = "Supporting Files";
			sourceTree = "<group>";
		};
		E51237BE1B223BB1002EABDC /* SlimLogger */ = {
			isa = PBXGroup;
			children = (
				E51237BF1B223BB1002EABDC /* SlimLogger.swift */,
				E51237C01B223BB1002EABDC /* SlimLoggerConfig.template */,
				E51237C11B223BB1002EABDC /* SlimLogglyDestination.swift */,
				E51237C21B223BB1002EABDC /* SlimLogglyDestinationConfig.template */,
			);
			name = SlimLogger;
			path = ../SlimLogger;
			sourceTree = "<group>";
		};
/* End PBXGroup section */

/* Begin PBXNativeTarget section */
		E51237901B2239DB002EABDC /* SlimLoggerExampleProject */ = {
			isa = PBXNativeTarget;
			buildConfigurationList = E51237B01B2239DB002EABDC /* Build configuration list for PBXNativeTarget "SlimLoggerExampleProject" */;
			buildPhases = (
				E512378D1B2239DB002EABDC /* Sources */,
				E512378E1B2239DB002EABDC /* Frameworks */,
				E512378F1B2239DB002EABDC /* Resources */,
			);
			buildRules = (
			);
			dependencies = (
			);
			name = SlimLoggerExampleProject;
			productName = SlimLoggerExampleProject;
			productReference = E51237911B2239DB002EABDC /* SlimLoggerExampleProject.app */;
			productType = "com.apple.product-type.application";
		};
		E51237A51B2239DB002EABDC /* SlimLoggerExampleProjectTests */ = {
			isa = PBXNativeTarget;
			buildConfigurationList = E51237B31B2239DB002EABDC /* Build configuration list for PBXNativeTarget "SlimLoggerExampleProjectTests" */;
			buildPhases = (
				E51237A21B2239DB002EABDC /* Sources */,
				E51237A31B2239DB002EABDC /* Frameworks */,
				E51237A41B2239DB002EABDC /* Resources */,
			);
			buildRules = (
			);
			dependencies = (
				E51237A81B2239DB002EABDC /* PBXTargetDependency */,
			);
			name = SlimLoggerExampleProjectTests;
			productName = SlimLoggerExampleProjectTests;
			productReference = E51237A61B2239DB002EABDC /* SlimLoggerExampleProjectTests.xctest */;
			productType = "com.apple.product-type.bundle.unit-test";
		};
/* End PBXNativeTarget section */

/* Begin PBXProject section */
		E51237891B2239DB002EABDC /* Project object */ = {
			isa = PBXProject;
			attributes = {
				LastUpgradeCheck = 0630;
				ORGANIZATIONNAME = Baresi;
				TargetAttributes = {
					E51237901B2239DB002EABDC = {
						CreatedOnToolsVersion = 6.3.1;
					};
					E51237A51B2239DB002EABDC = {
						CreatedOnToolsVersion = 6.3.1;
						TestTargetID = E51237901B2239DB002EABDC;
					};
				};
			};
			buildConfigurationList = E512378C1B2239DB002EABDC /* Build configuration list for PBXProject "SlimLoggerExampleProject" */;
			compatibilityVersion = "Xcode 3.2";
			developmentRegion = English;
			hasScannedForEncodings = 0;
			knownRegions = (
				en,
				Base,
			);
			mainGroup = E51237881B2239DB002EABDC;
			productRefGroup = E51237921B2239DB002EABDC /* Products */;
			projectDirPath = "";
			projectRoot = "";
			targets = (
				E51237901B2239DB002EABDC /* SlimLoggerExampleProject */,
				E51237A51B2239DB002EABDC /* SlimLoggerExampleProjectTests */,
			);
		};
/* End PBXProject section */

/* Begin PBXResourcesBuildPhase section */
		E512378F1B2239DB002EABDC /* Resources */ = {
			isa = PBXResourcesBuildPhase;
			buildActionMask = 2147483647;
			files = (
				E512379C1B2239DB002EABDC /* Main.storyboard in Resources */,
				E51237A11B2239DB002EABDC /* LaunchScreen.xib in Resources */,
				E512379E1B2239DB002EABDC /* Images.xcassets in Resources */,
			);
			runOnlyForDeploymentPostprocessing = 0;
		};
		E51237A41B2239DB002EABDC /* Resources */ = {
			isa = PBXResourcesBuildPhase;
			buildActionMask = 2147483647;
			files = (
			);
			runOnlyForDeploymentPostprocessing = 0;
		};
/* End PBXResourcesBuildPhase section */

/* Begin PBXSourcesBuildPhase section */
		E512378D1B2239DB002EABDC /* Sources */ = {
			isa = PBXSourcesBuildPhase;
			buildActionMask = 2147483647;
			files = (
				E51237BB1B223B54002EABDC /* SlimLoggerConfig.swift in Sources */,
				E51237C51B223BB1002EABDC /* SlimLogglyDestination.swift in Sources */,
				E51237C31B223BB1002EABDC /* SlimLogger.swift in Sources */,
				E51237991B2239DB002EABDC /* ViewController.swift in Sources */,
				E51237971B2239DB002EABDC /* AppDelegate.swift in Sources */,
				E51237BD1B223B76002EABDC /* SlimLogglyDestinationConfig.swift in Sources */,
			);
			runOnlyForDeploymentPostprocessing = 0;
		};
		E51237A21B2239DB002EABDC /* Sources */ = {
			isa = PBXSourcesBuildPhase;
			buildActionMask = 2147483647;
			files = (
				E51237AD1B2239DB002EABDC /* SlimLoggerExampleProjectTests.swift in Sources */,
			);
			runOnlyForDeploymentPostprocessing = 0;
		};
/* End PBXSourcesBuildPhase section */

/* Begin PBXTargetDependency section */
		E51237A81B2239DB002EABDC /* PBXTargetDependency */ = {
			isa = PBXTargetDependency;
			target = E51237901B2239DB002EABDC /* SlimLoggerExampleProject */;
			targetProxy = E51237A71B2239DB002EABDC /* PBXContainerItemProxy */;
		};
/* End PBXTargetDependency section */

/* Begin PBXVariantGroup section */
		E512379A1B2239DB002EABDC /* Main.storyboard */ = {
			isa = PBXVariantGroup;
			children = (
				E512379B1B2239DB002EABDC /* Base */,
			);
			name = Main.storyboard;
			sourceTree = "<group>";
		};
		E512379F1B2239DB002EABDC /* LaunchScreen.xib */ = {
			isa = PBXVariantGroup;
			children = (
				E51237A01B2239DB002EABDC /* Base */,
			);
			name = LaunchScreen.xib;
			sourceTree = "<group>";
		};
/* End PBXVariantGroup section */

/* Begin XCBuildConfiguration section */
		E51237AE1B2239DB002EABDC /* Debug */ = {
			isa = XCBuildConfiguration;
			buildSettings = {
				ALWAYS_SEARCH_USER_PATHS = NO;
				CLANG_CXX_LANGUAGE_STANDARD = "gnu++0x";
				CLANG_CXX_LIBRARY = "libc++";
				CLANG_ENABLE_MODULES = YES;
				CLANG_ENABLE_OBJC_ARC = YES;
				CLANG_WARN_BOOL_CONVERSION = YES;
				CLANG_WARN_CONSTANT_CONVERSION = YES;
				CLANG_WARN_DIRECT_OBJC_ISA_USAGE = YES_ERROR;
				CLANG_WARN_EMPTY_BODY = YES;
				CLANG_WARN_ENUM_CONVERSION = YES;
				CLANG_WARN_INT_CONVERSION = YES;
				CLANG_WARN_OBJC_ROOT_CLASS = YES_ERROR;
				CLANG_WARN_UNREACHABLE_CODE = YES;
				CLANG_WARN__DUPLICATE_METHOD_MATCH = YES;
				"CODE_SIGN_IDENTITY[sdk=iphoneos*]" = "iPhone Developer";
				COPY_PHASE_STRIP = NO;
				DEBUG_INFORMATION_FORMAT = "dwarf-with-dsym";
				ENABLE_STRICT_OBJC_MSGSEND = YES;
				GCC_C_LANGUAGE_STANDARD = gnu99;
				GCC_DYNAMIC_NO_PIC = NO;
				GCC_NO_COMMON_BLOCKS = YES;
				GCC_OPTIMIZATION_LEVEL = 0;
				GCC_PREPROCESSOR_DEFINITIONS = (
					"DEBUG=1",
					"$(inherited)",
				);
				GCC_SYMBOLS_PRIVATE_EXTERN = NO;
				GCC_WARN_64_TO_32_BIT_CONVERSION = YES;
				GCC_WARN_ABOUT_RETURN_TYPE = YES_ERROR;
				GCC_WARN_UNDECLARED_SELECTOR = YES;
				GCC_WARN_UNINITIALIZED_AUTOS = YES_AGGRESSIVE;
				GCC_WARN_UNUSED_FUNCTION = YES;
				GCC_WARN_UNUSED_VARIABLE = YES;
				IPHONEOS_DEPLOYMENT_TARGET = 8.3;
				MTL_ENABLE_DEBUG_INFO = YES;
				ONLY_ACTIVE_ARCH = YES;
				SDKROOT = iphoneos;
				SWIFT_OPTIMIZATION_LEVEL = "-Onone";
			};
			name = Debug;
		};
		E51237AF1B2239DB002EABDC /* Release */ = {
			isa = XCBuildConfiguration;
			buildSettings = {
				ALWAYS_SEARCH_USER_PATHS = NO;
				CLANG_CXX_LANGUAGE_STANDARD = "gnu++0x";
				CLANG_CXX_LIBRARY = "libc++";
				CLANG_ENABLE_MODULES = YES;
				CLANG_ENABLE_OBJC_ARC = YES;
				CLANG_WARN_BOOL_CONVERSION = YES;
				CLANG_WARN_CONSTANT_CONVERSION = YES;
				CLANG_WARN_DIRECT_OBJC_ISA_USAGE = YES_ERROR;
				CLANG_WARN_EMPTY_BODY = YES;
				CLANG_WARN_ENUM_CONVERSION = YES;
				CLANG_WARN_INT_CONVERSION = YES;
				CLANG_WARN_OBJC_ROOT_CLASS = YES_ERROR;
				CLANG_WARN_UNREACHABLE_CODE = YES;
				CLANG_WARN__DUPLICATE_METHOD_MATCH = YES;
				"CODE_SIGN_IDENTITY[sdk=iphoneos*]" = "iPhone Developer";
				COPY_PHASE_STRIP = NO;
				DEBUG_INFORMATION_FORMAT = "dwarf-with-dsym";
				ENABLE_NS_ASSERTIONS = NO;
				ENABLE_STRICT_OBJC_MSGSEND = YES;
				GCC_C_LANGUAGE_STANDARD = gnu99;
				GCC_NO_COMMON_BLOCKS = YES;
				GCC_WARN_64_TO_32_BIT_CONVERSION = YES;
				GCC_WARN_ABOUT_RETURN_TYPE = YES_ERROR;
				GCC_WARN_UNDECLARED_SELECTOR = YES;
				GCC_WARN_UNINITIALIZED_AUTOS = YES_AGGRESSIVE;
				GCC_WARN_UNUSED_FUNCTION = YES;
				GCC_WARN_UNUSED_VARIABLE = YES;
				IPHONEOS_DEPLOYMENT_TARGET = 8.3;
				MTL_ENABLE_DEBUG_INFO = NO;
				SDKROOT = iphoneos;
				VALIDATE_PRODUCT = YES;
			};
			name = Release;
		};
		E51237B11B2239DB002EABDC /* Debug */ = {
			isa = XCBuildConfiguration;
			buildSettings = {
				ASSETCATALOG_COMPILER_APPICON_NAME = AppIcon;
				INFOPLIST_FILE = SlimLoggerExampleProject/Info.plist;
				LD_RUNPATH_SEARCH_PATHS = "$(inherited) @executable_path/Frameworks";
				PRODUCT_NAME = "$(TARGET_NAME)";
			};
			name = Debug;
		};
		E51237B21B2239DB002EABDC /* Release */ = {
			isa = XCBuildConfiguration;
			buildSettings = {
				ASSETCATALOG_COMPILER_APPICON_NAME = AppIcon;
				INFOPLIST_FILE = SlimLoggerExampleProject/Info.plist;
				LD_RUNPATH_SEARCH_PATHS = "$(inherited) @executable_path/Frameworks";
				PRODUCT_NAME = "$(TARGET_NAME)";
			};
			name = Release;
		};
		E51237B41B2239DB002EABDC /* Debug */ = {
			isa = XCBuildConfiguration;
			buildSettings = {
				BUNDLE_LOADER = "$(TEST_HOST)";
				FRAMEWORK_SEARCH_PATHS = (
					"$(SDKROOT)/Developer/Library/Frameworks",
					"$(inherited)",
				);
				GCC_PREPROCESSOR_DEFINITIONS = (
					"DEBUG=1",
					"$(inherited)",
				);
				INFOPLIST_FILE = SlimLoggerExampleProjectTests/Info.plist;
				LD_RUNPATH_SEARCH_PATHS = "$(inherited) @executable_path/Frameworks @loader_path/Frameworks";
				PRODUCT_NAME = "$(TARGET_NAME)";
				TEST_HOST = "$(BUILT_PRODUCTS_DIR)/SlimLoggerExampleProject.app/SlimLoggerExampleProject";
			};
			name = Debug;
		};
		E51237B51B2239DB002EABDC /* Release */ = {
			isa = XCBuildConfiguration;
			buildSettings = {
				BUNDLE_LOADER = "$(TEST_HOST)";
				FRAMEWORK_SEARCH_PATHS = (
					"$(SDKROOT)/Developer/Library/Frameworks",
					"$(inherited)",
				);
				INFOPLIST_FILE = SlimLoggerExampleProjectTests/Info.plist;
				LD_RUNPATH_SEARCH_PATHS = "$(inherited) @executable_path/Frameworks @loader_path/Frameworks";
				PRODUCT_NAME = "$(TARGET_NAME)";
				TEST_HOST = "$(BUILT_PRODUCTS_DIR)/SlimLoggerExampleProject.app/SlimLoggerExampleProject";
			};
			name = Release;
		};
/* End XCBuildConfiguration section */

/* Begin XCConfigurationList section */
		E512378C1B2239DB002EABDC /* Build configuration list for PBXProject "SlimLoggerExampleProject" */ = {
			isa = XCConfigurationList;
			buildConfigurations = (
				E51237AE1B2239DB002EABDC /* Debug */,
				E51237AF1B2239DB002EABDC /* Release */,
			);
			defaultConfigurationIsVisible = 0;
			defaultConfigurationName = Release;
		};
		E51237B01B2239DB002EABDC /* Build configuration list for PBXNativeTarget "SlimLoggerExampleProject" */ = {
			isa = XCConfigurationList;
			buildConfigurations = (
				E51237B11B2239DB002EABDC /* Debug */,
				E51237B21B2239DB002EABDC /* Release */,
			);
			defaultConfigurationIsVisible = 0;
		};
		E51237B31B2239DB002EABDC /* Build configuration list for PBXNativeTarget "SlimLoggerExampleProjectTests" */ = {
			isa = XCConfigurationList;
			buildConfigurations = (
				E51237B41B2239DB002EABDC /* Debug */,
				E51237B51B2239DB002EABDC /* Release */,
			);
			defaultConfigurationIsVisible = 0;
		};
/* End XCConfigurationList section */
	};
	rootObject = E51237891B2239DB002EABDC /* Project object */;
}
